PODS:
  - FBSnapshotTestCase (2.1.4):
    - FBSnapshotTestCase/SwiftSupport (= 2.1.4)
  - FBSnapshotTestCase/Core (2.1.4)
  - FBSnapshotTestCase/SwiftSupport (2.1.4):
    - FBSnapshotTestCase/Core
  - FullNameGenerator (0.1.2)

DEPENDENCIES:
  - FBSnapshotTestCase (~> 2.1.4)
  - FullNameGenerator (from `../`)

SPEC REPOS:
  trunk:
    - FBSnapshotTestCase

EXTERNAL SOURCES:
  FullNameGenerator:
    :path: "../"

SPEC CHECKSUMS:
  FBSnapshotTestCase: 094f9f314decbabe373b87cc339bea235a63e07a
  FullNameGenerator: 333b6e2a15f5bcc897d203e2a3393a03bfb109e2

PODFILE CHECKSUM: 99eda5bd792469e542c037023aac83a48ee1d715

COCOAPODS: 1.9.3
